
Microsoft Visual Studio Solution File, Format Version 12.00
# Visual Studio Version 17
VisualStudioVersion = 17.8.34408.163
MinimumVisualStudioVersion = 10.0.40219.1
Project("{8BC9CEB8-8B4A-11D0-8D11-00A0C91BC942}") = "Problem 1", "Problem 1\Problem 1.vcxproj", "{C3B4B10D-4FC7-477C-A5EB-DA0CE48A3490}"
EndProject
Project("{8BC9CEB8-8B4A-11D0-8D11-00A0C91BC942}") = "Problem 2", "Problem 2\Problem 2.vcxproj", "{33E267C3-2876-4DE5-BB52-7CB67FFA11BB}"
EndProject
Project("{8BC9CEB8-8B4A-11D0-8D11-00A0C91BC942}") = "Problem 3", "Problem 3\Problem 3.vcxproj", "{A49B1C6F-1F3F-4B7C-B20B-00F957415779}"
EndProject
Project("{8BC9CEB8-8B4A-11D0-8D11-00A0C91BC942}") = "Problem 4", "Problem 4\Problem 4.vcxproj", "{3DF2C26A-D270-4091-BBDE-631EA0273D9C}"
EndProject
Global
	GlobalSection(SolutionConfigurationPlatforms) = preSolution
		Debug|x64 = Debug|x64
		Debug|x86 = Debug|x86
		Release|x64 = Release|x64
		Release|x86 = Release|x86
	EndGlobalSection
	GlobalSection(ProjectConfigurationPlatforms) = postSolution
		{C3B4B10D-4FC7-477C-A5EB-DA0CE48A3490}.Debug|x64.ActiveCfg = Debug|x64
		{C3B4B10D-4FC7-477C-A5EB-DA0CE48A3490}.Debug|x64.Build.0 = Debug|x64
		{C3B4B10D-4FC7-477C-A5EB-DA0CE48A3490}.Debug|x86.ActiveCfg = Debug|Win32
		{C3B4B10D-4FC7-477C-A5EB-DA0CE48A3490}.Debug|x86.Build.0 = Debug|Win32
		{C3B4B10D-4FC7-477C-A5EB-DA0CE48A3490}.Release|x64.ActiveCfg = Release|x64
		{C3B4B10D-4FC7-477C-A5EB-DA0CE48A3490}.Release|x64.Build.0 = Release|x64
		{C3B4B10D-4FC7-477C-A5EB-DA0CE48A3490}.Release|x86.ActiveCfg = Release|Win32
		{C3B4B10D-4FC7-477C-A5EB-DA0CE48A3490}.Release|x86.Build.0 = Release|Win32
		{33E267C3-2876-4DE5-BB52-7CB67FFA11BB}.Debug|x64.ActiveCfg = Debug|x64
		{33E267C3-2876-4DE5-BB52-7CB67FFA11BB}.Debug|x64.Build.0 = Debug|x64
		{33E267C3-2876-4DE5-BB52-7CB67FFA11BB}.Debug|x86.ActiveCfg = Debug|Win32
		{33E267C3-2876-4DE5-BB52-7CB67FFA11BB}.Debug|x86.Build.0 = Debug|Win32
		{33E267C3-2876-4DE5-BB52-7CB67FFA11BB}.Release|x64.ActiveCfg = Release|x64
		{33E267C3-2876-4DE5-BB52-7CB67FFA11BB}.Release|x64.Build.0 = Release|x64
		{33E267C3-2876-4DE5-BB52-7CB67FFA11BB}.Release|x86.ActiveCfg = Release|Win32
		{33E267C3-2876-4DE5-BB52-7CB67FFA11BB}.Release|x86.Build.0 = Release|Win32
		{A49B1C6F-1F3F-4B7C-B20B-00F957415779}.Debug|x64.ActiveCfg = Debug|x64
		{A49B1C6F-1F3F-4B7C-B20B-00F957415779}.Debug|x64.Build.0 = Debug|x64
		{A49B1C6F-1F3F-4B7C-B20B-00F957415779}.Debug|x86.ActiveCfg = Debug|Win32
		{A49B1C6F-1F3F-4B7C-B20B-00F957415779}.Debug|x86.Build.0 = Debug|Win32
		{A49B1C6F-1F3F-4B7C-B20B-00F957415779}.Release|x64.ActiveCfg = Release|x64
		{A49B1C6F-1F3F-4B7C-B20B-00F957415779}.Release|x64.Build.0 = Release|x64
		{A49B1C6F-1F3F-4B7C-B20B-00F957415779}.Release|x86.ActiveCfg = Release|Win32
		{A49B1C6F-1F3F-4B7C-B20B-00F957415779}.Release|x86.Build.0 = Release|Win32
		{3DF2C26A-D270-4091-BBDE-631EA0273D9C}.Debug|x64.ActiveCfg = Debug|x64
		{3DF2C26A-D270-4091-BBDE-631EA0273D9C}.Debug|x64.Build.0 = Debug|x64
		{3DF2C26A-D270-4091-BBDE-631EA0273D9C}.Debug|x86.ActiveCfg = Debug|Win32
		{3DF2C26A-D270-4091-BBDE-631EA0273D9C}.Debug|x86.Build.0 = Debug|Win32
		{3DF2C26A-D270-4091-BBDE-631EA0273D9C}.Release|x64.ActiveCfg = Release|x64
		{3DF2C26A-D270-4091-BBDE-631EA0273D9C}.Release|x64.Build.0 = Release|x64
		{3DF2C26A-D270-4091-BBDE-631EA0273D9C}.Release|x86.ActiveCfg = Release|Win32
		{3DF2C26A-D270-4091-BBDE-631EA0273D9C}.Release|x86.Build.0 = Release|Win32
	EndGlobalSection
	GlobalSection(SolutionProperties) = preSolution
		HideSolutionNode = FALSE
	EndGlobalSection
	GlobalSection(ExtensibilityGlobals) = postSolution
		SolutionGuid = {C77F4AC6-AD5C-4892-A984-E9DA0B05ACC3}
	EndGlobalSection
EndGlobal
